
Microsoft Visual Studio Solution File, Format Version 12.00
# Visual Studio Version 17
VisualStudioVersion = 17.5.002.0
MinimumVisualStudioVersion = 10.0.40219.1
Project("{9A19103F-16F7-4668-BE54-9A1E7A4F7556}") = "xuxubeleza-tutuDeDados", "xuxubeleza-tutuDeDados.csproj", "{166C90EA-3A82-4F8F-9E19-FD57C71A9674}"
EndProject
Global
	GlobalSection(SolutionConfigurationPlatforms) = preSolution
		Debug|Any CPU = Debug|Any CPU
		Release|Any CPU = Release|Any CPU
	EndGlobalSection
	GlobalSection(ProjectConfigurationPlatforms) = postSolution
		{166C90EA-3A82-4F8F-9E19-FD57C71A9674}.Debug|Any CPU.ActiveCfg = Debug|Any CPU
		{166C90EA-3A82-4F8F-9E19-FD57C71A9674}.Debug|Any CPU.Build.0 = Debug|Any CPU
		{166C90EA-3A82-4F8F-9E19-FD57C71A9674}.Release|Any CPU.ActiveCfg = Release|Any CPU
		{166C90EA-3A82-4F8F-9E19-FD57C71A9674}.Release|Any CPU.Build.0 = Release|Any CPU
	EndGlobalSection
	GlobalSection(SolutionProperties) = preSolution
		HideSolutionNode = FALSE
	EndGlobalSection
	GlobalSection(ExtensibilityGlobals) = postSolution
		SolutionGuid = {38BC4133-8F75-4AD0-9724-BD588BA54444}
	EndGlobalSection
EndGlobal
